
Microsoft Visual Studio Solution File, Format Version 12.00
# Visual Studio Version 17
VisualStudioVersion = 17.9.34622.214
MinimumVisualStudioVersion = 10.0.40219.1
Project("{FAE04EC0-301F-11D3-BF4B-00C04F79EFBC}") = "LearnerProject", "LearnerProject.csproj", "{A8DB264C-7E25-4758-BB1F-55A91F603F78}"
EndProject
Global
	GlobalSection(SolutionConfigurationPlatforms) = preSolution
		Debug|Any CPU = Debug|Any CPU
		Release|Any CPU = Release|Any CPU
	EndGlobalSection
	GlobalSection(ProjectConfigurationPlatforms) = postSolution
		{A8DB264C-7E25-4758-BB1F-55A91F603F78}.Debug|Any CPU.ActiveCfg = Debug|Any CPU
		{A8DB264C-7E25-4758-BB1F-55A91F603F78}.Debug|Any CPU.Build.0 = Debug|Any CPU
		{A8DB264C-7E25-4758-BB1F-55A91F603F78}.Release|Any CPU.ActiveCfg = Release|Any CPU
		{A8DB264C-7E25-4758-BB1F-55A91F603F78}.Release|Any CPU.Build.0 = Release|Any CPU
	EndGlobalSection
	GlobalSection(SolutionProperties) = preSolution
		HideSolutionNode = FALSE
	EndGlobalSection
	GlobalSection(ExtensibilityGlobals) = postSolution
		SolutionGuid = {F6C66F69-9652-4C45-91A1-358DF2BAC268}
	EndGlobalSection
EndGlobal
